
Microsoft Visual Studio Solution File, Format Version 12.00
# Visual Studio Version 17
VisualStudioVersion = 17.12.35527.113 d17.12
MinimumVisualStudioVersion = 10.0.40219.1
Project("{FAE04EC0-301F-11D3-BF4B-00C04F79EFBC}") = "EasyKart.Inventory", "EasyKart.Inventory\EasyKart.Inventory.csproj", "{BCFE1F67-C5C3-4BE5-870A-CD943139744D}"
EndProject
Global
	GlobalSection(SolutionConfigurationPlatforms) = preSolution
		Debug|Any CPU = Debug|Any CPU
		Release|Any CPU = Release|Any CPU
	EndGlobalSection
	GlobalSection(ProjectConfigurationPlatforms) = postSolution
		{BCFE1F67-C5C3-4BE5-870A-CD943139744D}.Debug|Any CPU.ActiveCfg = Debug|Any CPU
		{BCFE1F67-C5C3-4BE5-870A-CD943139744D}.Debug|Any CPU.Build.0 = Debug|Any CPU
		{BCFE1F67-C5C3-4BE5-870A-CD943139744D}.Release|Any CPU.ActiveCfg = Release|Any CPU
		{BCFE1F67-C5C3-4BE5-870A-CD943139744D}.Release|Any CPU.Build.0 = Release|Any CPU
	EndGlobalSection
	GlobalSection(SolutionProperties) = preSolution
		HideSolutionNode = FALSE
	EndGlobalSection
EndGlobal
